// !$*UTF8*$!
{
	archiveVersion = 1;
	classes = {
	};
	objectVersion = 48;
	objects = {

/* Begin PBXBuildFile section */
		331564962047D012004DFF4E /* pay.m in Sources */ = {isa = PBXBuildFile; fileRef = 331564952047D012004DFF4E /* pay.m */; };
		3325959120298A6E006E0158 /* Util.m in Sources */ = {isa = PBXBuildFile; fileRef = 3325959020298A6E006E0158 /* Util.m */; };
		3329E0FF204E304000114504 /* bt_zh.png in Resources */ = {isa = PBXBuildFile; fileRef = 3329E0FB204E303D00114504 /* bt_zh.png */; };
		3329E100204E304000114504 /* bt_wx.png in Resources */ = {isa = PBXBuildFile; fileRef = 3329E0FC204E303E00114504 /* bt_wx.png */; };
		3329E101204E304000114504 /* bt_yk.png in Resources */ = {isa = PBXBuildFile; fileRef = 3329E0FD204E303F00114504 /* bt_yk.png */; };
		3329E102204E304000114504 /* dljm_bg_02.png in Resources */ = {isa = PBXBuildFile; fileRef = 3329E0FE204E304000114504 /* dljm_bg_02.png */; };
		3329E104204E31AC00114504 /* logo.png in Resources */ = {isa = PBXBuildFile; fileRef = 3329E103204E31AC00114504 /* logo.png */; };
		3331E11D201ACC1000C96278 /* Security.framework in Frameworks */ = {isa = PBXBuildFile; fileRef = 3331E11C201ACC1000C96278 /* Security.framework */; };
		3331E124201ACC9D00C96278 /* SAMKeychainQuery.m in Sources */ = {isa = PBXBuildFile; fileRef = 3331E120201ACC9D00C96278 /* SAMKeychainQuery.m */; };
		3331E125201ACC9D00C96278 /* SAMKeychain.m in Sources */ = {isa = PBXBuildFile; fileRef = 3331E121201ACC9D00C96278 /* SAMKeychain.m */; };
		333C84F3204928800027EC45 /* QuartzCore.framework in Frameworks */ = {isa = PBXBuildFile; fileRef = 333C84F2204928800027EC45 /* QuartzCore.framework */; };
		333C84F5204928920027EC45 /* CoreText.framework in Frameworks */ = {isa = PBXBuildFile; fileRef = 333C84F4204928920027EC45 /* CoreText.framework */; };
		333C84F7204928C60027EC45 /* CoreMotion.framework in Frameworks */ = {isa = PBXBuildFile; fileRef = 333C84F6204928C60027EC45 /* CoreMotion.framework */; };
		3342FE8C204D60FF00F1D61C /* release in Resources */ = {isa = PBXBuildFile; fileRef = 3342FE8B204D60FF00F1D61C /* release */; };
		3349B89420119113000EC218 /* AppDelegate.m in Sources */ = {isa = PBXBuildFile; fileRef = 3349B89320119113000EC218 /* AppDelegate.m */; };
		3349B89720119113000EC218 /* ViewController.m in Sources */ = {isa = PBXBuildFile; fileRef = 3349B89620119113000EC218 /* ViewController.m */; };
		3349B89A20119113000EC218 /* Main.storyboard in Resources */ = {isa = PBXBuildFile; fileRef = 3349B89820119113000EC218 /* Main.storyboard */; };
		3349B89D20119113000EC218 /* qzh.xcdatamodeld in Sources */ = {isa = PBXBuildFile; fileRef = 3349B89B20119113000EC218 /* qzh.xcdatamodeld */; };
		3349B89F20119113000EC218 /* Assets.xcassets in Resources */ = {isa = PBXBuildFile; fileRef = 3349B89E20119113000EC218 /* Assets.xcassets */; };
		3349B8A520119113000EC218 /* main.m in Sources */ = {isa = PBXBuildFile; fileRef = 3349B8A420119113000EC218 /* main.m */; };
		3349B8AF20119113000EC218 /* qzhTests.m in Sources */ = {isa = PBXBuildFile; fileRef = 3349B8AE20119113000EC218 /* qzhTests.m */; };
		3349B8BA20119113000EC218 /* qzhUITests.m in Sources */ = {isa = PBXBuildFile; fileRef = 3349B8B920119113000EC218 /* qzhUITests.m */; };
		3349B94B2011E317000EC218 /* AppDelegate.h in Sources */ = {isa = PBXBuildFile; fileRef = 3349B89220119113000EC218 /* AppDelegate.h */; };
		3349B94C2011E317000EC218 /* ViewController.h in Sources */ = {isa = PBXBuildFile; fileRef = 3349B89520119113000EC218 /* ViewController.h */; };
		3349B9512011E317000EC218 /* Assets.xcassets in Sources */ = {isa = PBXBuildFile; fileRef = 3349B89E20119113000EC218 /* Assets.xcassets */; };
		33556E0C2019A209005C67DB /* WKDelegateController.m in Sources */ = {isa = PBXBuildFile; fileRef = 33556E0B2019A209005C67DB /* WKDelegateController.m */; };
		335599DF201ECAFB00ED5878 /* jpush-ios-3.0.8.a in Frameworks */ = {isa = PBXBuildFile; fileRef = 335599DA201ECAFA00ED5878 /* jpush-ios-3.0.8.a */; };
		335599E0201ECAFB00ED5878 /* jcore-ios-1.1.7.a in Frameworks */ = {isa = PBXBuildFile; fileRef = 335599DB201ECAFA00ED5878 /* jcore-ios-1.1.7.a */; };
		335599E1201ECAFB00ED5878 /* jpush-extension-ios-1.1.0.a in Frameworks */ = {isa = PBXBuildFile; fileRef = 335599DE201ECAFB00ED5878 /* jpush-extension-ios-1.1.0.a */; };
		335599E3201ECB6300ED5878 /* CFNetwork.framework in Frameworks */ = {isa = PBXBuildFile; fileRef = 335599E2201ECB6300ED5878 /* CFNetwork.framework */; };
		335599E5201ECB6A00ED5878 /* CoreFoundation.framework in Frameworks */ = {isa = PBXBuildFile; fileRef = 335599E4201ECB6A00ED5878 /* CoreFoundation.framework */; };
		335599E7201ECB7F00ED5878 /* CoreGraphics.framework in Frameworks */ = {isa = PBXBuildFile; fileRef = 335599E6201ECB7F00ED5878 /* CoreGraphics.framework */; };
		335599E9201ECB8E00ED5878 /* Foundation.framework in Frameworks */ = {isa = PBXBuildFile; fileRef = 335599E8201ECB8D00ED5878 /* Foundation.framework */; };
		335599EB201ECB9300ED5878 /* UIKit.framework in Frameworks */ = {isa = PBXBuildFile; fileRef = 335599EA201ECB9300ED5878 /* UIKit.framework */; };
		335599EF201ECBB200ED5878 /* UserNotifications.framework in Frameworks */ = {isa = PBXBuildFile; fileRef = 335599EE201ECBB200ED5878 /* UserNotifications.framework */; };
		335599F1201ECBBF00ED5878 /* libresolv.tbd in Frameworks */ = {isa = PBXBuildFile; fileRef = 335599F0201ECBBF00ED5878 /* libresolv.tbd */; };
		335DE5E1202AAECD00A105F1 /* QzhShare.m in Sources */ = {isa = PBXBuildFile; fileRef = 335DE5E0202AAECD00A105F1 /* QzhShare.m */; };
		335DE609202AF51C00A105F1 /* jcore-ios-1.1.7.a in Frameworks */ = {isa = PBXBuildFile; fileRef = 335DE606202AF51C00A105F1 /* jcore-ios-1.1.7.a */; };
		335DE60A202AF51C00A105F1 /* jshare-ios-1.5.0.a in Frameworks */ = {isa = PBXBuildFile; fileRef = 335DE607202AF51C00A105F1 /* jshare-ios-1.5.0.a */; };
		335DE60C202AF5F500A105F1 /* CoreLocation.framework in Frameworks */ = {isa = PBXBuildFile; fileRef = 335DE60B202AF5F400A105F1 /* CoreLocation.framework */; };
		335DE60D202AF60900A105F1 /* libz.tbd in Frameworks */ = {isa = PBXBuildFile; fileRef = 335599EC201ECBA200ED5878 /* libz.tbd */; };
		336BAB692011EE2B00EC1EA8 /* libsqlite3.tbd in Frameworks */ = {isa = PBXBuildFile; fileRef = 336BAB682011EE2000EC1EA8 /* libsqlite3.tbd */; };
		336BAB6B2011EE4B00EC1EA8 /* libz.1.2.11.tbd in Frameworks */ = {isa = PBXBuildFile; fileRef = 336BAB6A2011EE4B00EC1EA8 /* libz.1.2.11.tbd */; };
		336BAB6D2011EE6100EC1EA8 /* libc++.tbd in Frameworks */ = {isa = PBXBuildFile; fileRef = 336BAB6C2011EE6100EC1EA8 /* libc++.tbd */; };
		336BAB6F2011EEEC00EC1EA8 /* SystemConfiguration.framework in Frameworks */ = {isa = PBXBuildFile; fileRef = 336BAB6E2011EEE800EC1EA8 /* SystemConfiguration.framework */; };
		336BAB712011EF2800EC1EA8 /* CoreTelephony.framework in Frameworks */ = {isa = PBXBuildFile; fileRef = 336BAB702011EF2000EC1EA8 /* CoreTelephony.framework */; };
		33C262F5204E97B000B2F5FE /* libWeChatSDK.a in Frameworks */ = {isa = PBXBuildFile; fileRef = 33C262F2204E97AF00B2F5FE /* libWeChatSDK.a */; };
		33C262FE204EB51000B2F5FE /* TencentOpenAPI.framework in Frameworks */ = {isa = PBXBuildFile; fileRef = 33C262F8204EB51000B2F5FE /* TencentOpenAPI.framework */; };
		33C262FF204EB51000B2F5FE /* TencentOpenAPI in Frameworks */ = {isa = PBXBuildFile; fileRef = 33C262FC204EB51000B2F5FE /* TencentOpenAPI */; };
		33CFA0B6205275B8000057D7 /* black.png in Resources */ = {isa = PBXBuildFile; fileRef = 33CFA0B5205275B8000057D7 /* black.png */; };
		33D8A5AA2027FF4D00C9E136 /* Device.m in Sources */ = {isa = PBXBuildFile; fileRef = 33D8A5A92027FF4D00C9E136 /* Device.m */; };
		33D8A5AE2028313B00C9E136 /* WechatAuthSDK.h in Frameworks */ = {isa = PBXBuildFile; fileRef = 3349B9652011E72A000EC218 /* WechatAuthSDK.h */; };
		33D8A5AF2028313B00C9E136 /* WXApi.h in Frameworks */ = {isa = PBXBuildFile; fileRef = 3349B9662011E72A000EC218 /* WXApi.h */; };
		33D8A5B02028313B00C9E136 /* WXApiObject.h in Frameworks */ = {isa = PBXBuildFile; fileRef = 3349B9642011E72A000EC218 /* WXApiObject.h */; };
		33D8A5C32028482A00C9E136 /* libstdc++.tbd in Frameworks */ = {isa = PBXBuildFile; fileRef = 33D8A5C22028482A00C9E136 /* libstdc++.tbd */; };
		33F3B22620196BA800BE8FF8 /* StoreKit.framework in Frameworks */ = {isa = PBXBuildFile; fileRef = 3366956A2016D68B00ECB2B4 /* StoreKit.framework */; };
/* End PBXBuildFile section */

/* Begin PBXContainerItemProxy section */
		3349B8AB20119113000EC218 /* PBXContainerItemProxy */ = {
			isa = PBXContainerItemProxy;
			containerPortal = 3349B88720119113000EC218 /* Project object */;
			proxyType = 1;
			remoteGlobalIDString = 3349B88E20119113000EC218;
			remoteInfo = qzh;
		};
		3349B8B620119113000EC218 /* PBXContainerItemProxy */ = {
			isa = PBXContainerItemProxy;
			containerPortal = 3349B88720119113000EC218 /* Project object */;
			proxyType = 1;
			remoteGlobalIDString = 3349B88E20119113000EC218;
			remoteInfo = qzh;
		};
/* End PBXContainerItemProxy section */

/* Begin PBXFileReference section */
		331564942047D001004DFF4E /* pay.h */ = {isa = PBXFileReference; lastKnownFileType = sourcecode.c.h; path = pay.h; sourceTree = "<group>"; };
		331564952047D012004DFF4E /* pay.m */ = {isa = PBXFileReference; lastKnownFileType = sourcecode.c.objc; path = pay.m; sourceTree = "<group>"; };
		3325958F20298A5D006E0158 /* Util.h */ = {isa = PBXFileReference; lastKnownFileType = sourcecode.c.h; path = Util.h; sourceTree = "<group>"; };
		3325959020298A6E006E0158 /* Util.m */ = {isa = PBXFileReference; lastKnownFileType = sourcecode.c.objc; path = Util.m; sourceTree = "<group>"; };
		3329E0FB204E303D00114504 /* bt_zh.png */ = {isa = PBXFileReference; lastKnownFileType = image.png; path = bt_zh.png; sourceTree = "<group>"; };
		3329E0FC204E303E00114504 /* bt_wx.png */ = {isa = PBXFileReference; lastKnownFileType = image.png; path = bt_wx.png; sourceTree = "<group>"; };
		3329E0FD204E303F00114504 /* bt_yk.png */ = {isa = PBXFileReference; lastKnownFileType = image.png; path = bt_yk.png; sourceTree = "<group>"; };
		3329E0FE204E304000114504 /* dljm_bg_02.png */ = {isa = PBXFileReference; lastKnownFileType = image.png; path = dljm_bg_02.png; sourceTree = "<group>"; };
		3329E103204E31AC00114504 /* logo.png */ = {isa = PBXFileReference; lastKnownFileType = image.png; path = logo.png; sourceTree = "<group>"; };
		3331E11C201ACC1000C96278 /* Security.framework */ = {isa = PBXFileReference; lastKnownFileType = wrapper.framework; name = Security.framework; path = System/Library/Frameworks/Security.framework; sourceTree = SDKROOT; };
		3331E120201ACC9D00C96278 /* SAMKeychainQuery.m */ = {isa = PBXFileReference; fileEncoding = 4; lastKnownFileType = sourcecode.c.objc; path = SAMKeychainQuery.m; sourceTree = "<group>"; };
		3331E121201ACC9D00C96278 /* SAMKeychain.m */ = {isa = PBXFileReference; fileEncoding = 4; lastKnownFileType = sourcecode.c.objc; path = SAMKeychain.m; sourceTree = "<group>"; };
		3331E122201ACC9D00C96278 /* SAMKeychainQuery.h */ = {isa = PBXFileReference; fileEncoding = 4; lastKnownFileType = sourcecode.c.h; path = SAMKeychainQuery.h; sourceTree = "<group>"; };
		3331E123201ACC9D00C96278 /* SAMKeychain.h */ = {isa = PBXFileReference; fileEncoding = 4; lastKnownFileType = sourcecode.c.h; path = SAMKeychain.h; sourceTree = "<group>"; };
		333C84F2204928800027EC45 /* QuartzCore.framework */ = {isa = PBXFileReference; lastKnownFileType = wrapper.framework; name = QuartzCore.framework; path = System/Library/Frameworks/QuartzCore.framework; sourceTree = SDKROOT; };
		333C84F4204928920027EC45 /* CoreText.framework */ = {isa = PBXFileReference; lastKnownFileType = wrapper.framework; name = CoreText.framework; path = System/Library/Frameworks/CoreText.framework; sourceTree = SDKROOT; };
		333C84F6204928C60027EC45 /* CoreMotion.framework */ = {isa = PBXFileReference; lastKnownFileType = wrapper.framework; name = CoreMotion.framework; path = System/Library/Frameworks/CoreMotion.framework; sourceTree = SDKROOT; };
		3342FE8B204D60FF00F1D61C /* release */ = {isa = PBXFileReference; lastKnownFileType = folder; path = release; sourceTree = "<group>"; };
		3349B88F20119113000EC218 /* qzh.app */ = {isa = PBXFileReference; explicitFileType = wrapper.application; includeInIndex = 0; path = qzh.app; sourceTree = BUILT_PRODUCTS_DIR; };
		3349B89220119113000EC218 /* AppDelegate.h */ = {isa = PBXFileReference; lastKnownFileType = sourcecode.c.h; path = AppDelegate.h; sourceTree = "<group>"; };
		3349B89320119113000EC218 /* AppDelegate.m */ = {isa = PBXFileReference; lastKnownFileType = sourcecode.c.objc; path = AppDelegate.m; sourceTree = "<group>"; };
		3349B89520119113000EC218 /* ViewController.h */ = {isa = PBXFileReference; lastKnownFileType = sourcecode.c.h; path = ViewController.h; sourceTree = "<group>"; };
		3349B89620119113000EC218 /* ViewController.m */ = {isa = PBXFileReference; lastKnownFileType = sourcecode.c.objc; path = ViewController.m; sourceTree = "<group>"; };
		3349B89920119113000EC218 /* Base */ = {isa = PBXFileReference; lastKnownFileType = file.storyboard; name = Base; path = Base.lproj/Main.storyboard; sourceTree = "<group>"; };
		3349B89C20119113000EC218 /* qzh.xcdatamodel */ = {isa = PBXFileReference; lastKnownFileType = wrapper.xcdatamodel; path = qzh.xcdatamodel; sourceTree = "<group>"; };
		3349B89E20119113000EC218 /* Assets.xcassets */ = {isa = PBXFileReference; lastKnownFileType = folder.assetcatalog; path = Assets.xcassets; sourceTree = "<group>"; };
		3349B8A320119113000EC218 /* Info.plist */ = {isa = PBXFileReference; lastKnownFileType = text.plist.xml; path = Info.plist; sourceTree = "<group>"; };
		3349B8A420119113000EC218 /* main.m */ = {isa = PBXFileReference; lastKnownFileType = sourcecode.c.objc; path = main.m; sourceTree = "<group>"; };
		3349B8AA20119113000EC218 /* qzhTests.xctest */ = {isa = PBXFileReference; explicitFileType = wrapper.cfbundle; includeInIndex = 0; path = qzhTests.xctest; sourceTree = BUILT_PRODUCTS_DIR; };
		3349B8AE20119113000EC218 /* qzhTests.m */ = {isa = PBXFileReference; lastKnownFileType = sourcecode.c.objc; path = qzhTests.m; sourceTree = "<group>"; };
		3349B8B020119113000EC218 /* Info.plist */ = {isa = PBXFileReference; lastKnownFileType = text.plist.xml; path = Info.plist; sourceTree = "<group>"; };
		3349B8B520119113000EC218 /* qzhUITests.xctest */ = {isa = PBXFileReference; explicitFileType = wrapper.cfbundle; includeInIndex = 0; path = qzhUITests.xctest; sourceTree = BUILT_PRODUCTS_DIR; };
		3349B8B920119113000EC218 /* qzhUITests.m */ = {isa = PBXFileReference; lastKnownFileType = sourcecode.c.objc; path = qzhUITests.m; sourceTree = "<group>"; };
		3349B8BB20119113000EC218 /* Info.plist */ = {isa = PBXFileReference; lastKnownFileType = text.plist.xml; path = Info.plist; sourceTree = "<group>"; };
		3349B9632011E72A000EC218 /* libWeChatSDK.a */ = {isa = PBXFileReference; lastKnownFileType = archive.ar; name = libWeChatSDK.a; path = ../lib/WechatSDK1.8.2/libWeChatSDK.a; sourceTree = "<group>"; };
		3349B9642011E72A000EC218 /* WXApiObject.h */ = {isa = PBXFileReference; lastKnownFileType = sourcecode.c.h; name = WXApiObject.h; path = ../lib/WechatSDK1.8.2/WXApiObject.h; sourceTree = "<group>"; };
		3349B9652011E72A000EC218 /* WechatAuthSDK.h */ = {isa = PBXFileReference; lastKnownFileType = sourcecode.c.h; name = WechatAuthSDK.h; path = ../lib/WechatSDK1.8.2/WechatAuthSDK.h; sourceTree = "<group>"; };
		3349B9662011E72A000EC218 /* WXApi.h */ = {isa = PBXFileReference; lastKnownFileType = sourcecode.c.h; name = WXApi.h; path = ../lib/WechatSDK1.8.2/WXApi.h; sourceTree = "<group>"; };
		33556E0B2019A209005C67DB /* WKDelegateController.m */ = {isa = PBXFileReference; lastKnownFileType = sourcecode.c.objc; path = WKDelegateController.m; sourceTree = "<group>"; };
		33556E0E2019A2B0005C67DB /* WKDelegateController.h */ = {isa = PBXFileReference; lastKnownFileType = sourcecode.c.h; path = WKDelegateController.h; sourceTree = "<group>"; };
		335599DA201ECAFA00ED5878 /* jpush-ios-3.0.8.a */ = {isa = PBXFileReference; lastKnownFileType = archive.ar; path = "jpush-ios-3.0.8.a"; sourceTree = "<group>"; };
		335599DB201ECAFA00ED5878 /* jcore-ios-1.1.7.a */ = {isa = PBXFileReference; lastKnownFileType = archive.ar; path = "jcore-ios-1.1.7.a"; sourceTree = "<group>"; };
		335599DC201ECAFB00ED5878 /* JPUSHService.h */ = {isa = PBXFileReference; fileEncoding = 4; lastKnownFileType = sourcecode.c.h; path = JPUSHService.h; sourceTree = "<group>"; };
		335599DD201ECAFB00ED5878 /* JPushNotificationExtensionService.h */ = {isa = PBXFileReference; fileEncoding = 4; lastKnownFileType = sourcecode.c.h; path = JPushNotificationExtensionService.h; sourceTree = "<group>"; };
		335599DE201ECAFB00ED5878 /* jpush-extension-ios-1.1.0.a */ = {isa = PBXFileReference; lastKnownFileType = archive.ar; path = "jpush-extension-ios-1.1.0.a"; sourceTree = "<group>"; };
		335599E2201ECB6300ED5878 /* CFNetwork.framework */ = {isa = PBXFileReference; lastKnownFileType = wrapper.framework; name = CFNetwork.framework; path = System/Library/Frameworks/CFNetwork.framework; sourceTree = SDKROOT; };
		335599E4201ECB6A00ED5878 /* CoreFoundation.framework */ = {isa = PBXFileReference; lastKnownFileType = wrapper.framework; name = CoreFoundation.framework; path = System/Library/Frameworks/CoreFoundation.framework; sourceTree = SDKROOT; };
		335599E6201ECB7F00ED5878 /* CoreGraphics.framework */ = {isa = PBXFileReference; lastKnownFileType = wrapper.framework; name = CoreGraphics.framework; path = System/Library/Frameworks/CoreGraphics.framework; sourceTree = SDKROOT; };
		335599E8201ECB8D00ED5878 /* Foundation.framework */ = {isa = PBXFileReference; lastKnownFileType = wrapper.framework; name = Foundation.framework; path = System/Library/Frameworks/Foundation.framework; sourceTree = SDKROOT; };
		335599EA201ECB9300ED5878 /* UIKit.framework */ = {isa = PBXFileReference; lastKnownFileType = wrapper.framework; name = UIKit.framework; path = System/Library/Frameworks/UIKit.framework; sourceTree = SDKROOT; };
		335599EC201ECBA200ED5878 /* libz.tbd */ = {isa = PBXFileReference; lastKnownFileType = "sourcecode.text-based-dylib-definition"; name = libz.tbd; path = usr/lib/libz.tbd; sourceTree = SDKROOT; };
		335599EE201ECBB200ED5878 /* UserNotifications.framework */ = {isa = PBXFileReference; lastKnownFileType = wrapper.framework; name = UserNotifications.framework; path = System/Library/Frameworks/UserNotifications.framework; sourceTree = SDKROOT; };
		335599F0201ECBBF00ED5878 /* libresolv.tbd */ = {isa = PBXFileReference; lastKnownFileType = "sourcecode.text-based-dylib-definition"; name = libresolv.tbd; path = usr/lib/libresolv.tbd; sourceTree = SDKROOT; };
		335599F2201ECC3300ED5878 /* qzh.entitlements */ = {isa = PBXFileReference; lastKnownFileType = text.plist.entitlements; path = qzh.entitlements; sourceTree = "<group>"; };
		335DE5E0202AAECD00A105F1 /* QzhShare.m */ = {isa = PBXFileReference; lastKnownFileType = sourcecode.c.objc; path = QzhShare.m; sourceTree = "<group>"; };
		335DE5E2202AAEEF00A105F1 /* QzhShare.h */ = {isa = PBXFileReference; lastKnownFileType = sourcecode.c.h; path = QzhShare.h; sourceTree = "<group>"; };
		335DE606202AF51C00A105F1 /* jcore-ios-1.1.7.a */ = {isa = PBXFileReference; lastKnownFileType = archive.ar; path = "jcore-ios-1.1.7.a"; sourceTree = "<group>"; };
		335DE607202AF51C00A105F1 /* jshare-ios-1.5.0.a */ = {isa = PBXFileReference; lastKnownFileType = archive.ar; path = "jshare-ios-1.5.0.a"; sourceTree = "<group>"; };
		335DE608202AF51C00A105F1 /* JSHAREService.h */ = {isa = PBXFileReference; fileEncoding = 4; lastKnownFileType = sourcecode.c.h; path = JSHAREService.h; sourceTree = "<group>"; };
		335DE60B202AF5F400A105F1 /* CoreLocation.framework */ = {isa = PBXFileReference; lastKnownFileType = wrapper.framework; name = CoreLocation.framework; path = System/Library/Frameworks/CoreLocation.framework; sourceTree = SDKROOT; };
		3366956A2016D68B00ECB2B4 /* StoreKit.framework */ = {isa = PBXFileReference; lastKnownFileType = wrapper.framework; name = StoreKit.framework; path = System/Library/Frameworks/StoreKit.framework; sourceTree = SDKROOT; };
		336BAB682011EE2000EC1EA8 /* libsqlite3.tbd */ = {isa = PBXFileReference; lastKnownFileType = "sourcecode.text-based-dylib-definition"; name = libsqlite3.tbd; path = usr/lib/libsqlite3.tbd; sourceTree = SDKROOT; };
		336BAB6A2011EE4B00EC1EA8 /* libz.1.2.11.tbd */ = {isa = PBXFileReference; lastKnownFileType = "sourcecode.text-based-dylib-definition"; name = libz.1.2.11.tbd; path = usr/lib/libz.1.2.11.tbd; sourceTree = SDKROOT; };
		336BAB6C2011EE6100EC1EA8 /* libc++.tbd */ = {isa = PBXFileReference; lastKnownFileType = "sourcecode.text-based-dylib-definition"; name = "libc++.tbd"; path = "usr/lib/libc++.tbd"; sourceTree = SDKROOT; };
		336BAB6E2011EEE800EC1EA8 /* SystemConfiguration.framework */ = {isa = PBXFileReference; lastKnownFileType = wrapper.framework; name = SystemConfiguration.framework; path = System/Library/Frameworks/SystemConfiguration.framework; sourceTree = SDKROOT; };
		336BAB702011EF2000EC1EA8 /* CoreTelephony.framework */ = {isa = PBXFileReference; lastKnownFileType = wrapper.framework; name = CoreTelephony.framework; path = System/Library/Frameworks/CoreTelephony.framework; sourceTree = SDKROOT; };
		33C262F0204E97AF00B2F5FE /* WXApi.h */ = {isa = PBXFileReference; fileEncoding = 4; lastKnownFileType = sourcecode.c.h; name = WXApi.h; path = "../../../../../../Downloads/WechtSDK1.8-3.2_NoPay/WXApi.h"; sourceTree = "<group>"; };
		33C262F1204E97AF00B2F5FE /* WXApiObject.h */ = {isa = PBXFileReference; fileEncoding = 4; lastKnownFileType = sourcecode.c.h; name = WXApiObject.h; path = "../../../../../../Downloads/WechtSDK1.8-3.2_NoPay/WXApiObject.h"; sourceTree = "<group>"; };
		33C262F2204E97AF00B2F5FE /* libWeChatSDK.a */ = {isa = PBXFileReference; lastKnownFileType = archive.ar; name = libWeChatSDK.a; path = "../../../../../../Downloads/WechtSDK1.8-3.2_NoPay/libWeChatSDK.a"; sourceTree = "<group>"; };
		33C262F3204E97B000B2F5FE /* WechatAuthSDK.h */ = {isa = PBXFileReference; fileEncoding = 4; lastKnownFileType = sourcecode.c.h; name = WechatAuthSDK.h; path = "../../../../../../Downloads/WechtSDK1.8-3.2_NoPay/WechatAuthSDK.h"; sourceTree = "<group>"; };
		33C262F8204EB51000B2F5FE /* TencentOpenAPI.framework */ = {isa = PBXFileReference; lastKnownFileType = wrapper.framework; path = TencentOpenAPI.framework; sourceTree = "<group>"; };
		33C262F9204EB51000B2F5FE /* sdkdef.h */ = {isa = PBXFileReference; fileEncoding = 4; lastKnownFileType = sourcecode.c.h; path = sdkdef.h; sourceTree = "<group>"; };
		33C262FA204EB51000B2F5FE /* QQApiInterfaceObject.h */ = {isa = PBXFileReference; fileEncoding = 4; lastKnownFileType = sourcecode.c.h; path = QQApiInterfaceObject.h; sourceTree = "<group>"; };
		33C262FB204EB51000B2F5FE /* QQApiInterface.h */ = {isa = PBXFileReference; fileEncoding = 4; lastKnownFileType = sourcecode.c.h; path = QQApiInterface.h; sourceTree = "<group>"; };
		33C262FC204EB51000B2F5FE /* TencentOpenAPI */ = {isa = PBXFileReference; lastKnownFileType = archive.ar; path = TencentOpenAPI; sourceTree = "<group>"; };
		33C262FD204EB51000B2F5FE /* TencentOAuth.h */ = {isa = PBXFileReference; fileEncoding = 4; lastKnownFileType = sourcecode.c.h; path = TencentOAuth.h; sourceTree = "<group>"; };
		33CFA0B5205275B8000057D7 /* black.png */ = {isa = PBXFileReference; lastKnownFileType = image.png; path = black.png; sourceTree = "<group>"; };
		33D8A5A92027FF4D00C9E136 /* Device.m */ = {isa = PBXFileReference; lastKnownFileType = sourcecode.c.objc; path = Device.m; sourceTree = "<group>"; };
		33D8A5AB2027FFDE00C9E136 /* Device.h */ = {isa = PBXFileReference; lastKnownFileType = sourcecode.c.h; path = Device.h; sourceTree = "<group>"; };
		33D8A5B12028316D00C9E136 /* libsqlite3.0.tbd */ = {isa = PBXFileReference; lastKnownFileType = "sourcecode.text-based-dylib-definition"; name = libsqlite3.0.tbd; path = usr/lib/libsqlite3.0.tbd; sourceTree = SDKROOT; };
		33D8A5C22028482A00C9E136 /* libstdc++.tbd */ = {isa = PBXFileReference; lastKnownFileType = "sourcecode.text-based-dylib-definition"; name = "libstdc++.tbd"; path = "usr/lib/libstdc++.tbd"; sourceTree = SDKROOT; };
/* End PBXFileReference section */

/* Begin PBXFrameworksBuildPhase section */
		3349B88C20119113000EC218 /* Frameworks */ = {
			isa = PBXFrameworksBuildPhase;
			buildActionMask = 2147483647;
			files = (
				333C84F7204928C60027EC45 /* CoreMotion.framework in Frameworks */,
				333C84F5204928920027EC45 /* CoreText.framework in Frameworks */,
				333C84F3204928800027EC45 /* QuartzCore.framework in Frameworks */,
				335599F1201ECBBF00ED5878 /* libresolv.tbd in Frameworks */,
				335DE60D202AF60900A105F1 /* libz.tbd in Frameworks */,
				336BAB6D2011EE6100EC1EA8 /* libc++.tbd in Frameworks */,
				335DE609202AF51C00A105F1 /* jcore-ios-1.1.7.a in Frameworks */,
				33D8A5C32028482A00C9E136 /* libstdc++.tbd in Frameworks */,
				33D8A5AE2028313B00C9E136 /* WechatAuthSDK.h in Frameworks */,
				33D8A5AF2028313B00C9E136 /* WXApi.h in Frameworks */,
				33D8A5B02028313B00C9E136 /* WXApiObject.h in Frameworks */,
				336BAB6B2011EE4B00EC1EA8 /* libz.1.2.11.tbd in Frameworks */,
				336BAB692011EE2B00EC1EA8 /* libsqlite3.tbd in Frameworks */,
				335599E0201ECAFB00ED5878 /* jcore-ios-1.1.7.a in Frameworks */,
				335599E1201ECAFB00ED5878 /* jpush-extension-ios-1.1.0.a in Frameworks */,
				335DE60A202AF51C00A105F1 /* jshare-ios-1.5.0.a in Frameworks */,
				335599DF201ECAFB00ED5878 /* jpush-ios-3.0.8.a in Frameworks */,
				33C262F5204E97B000B2F5FE /* libWeChatSDK.a in Frameworks */,
				335599E3201ECB6300ED5878 /* CFNetwork.framework in Frameworks */,
				335599E5201ECB6A00ED5878 /* CoreFoundation.framework in Frameworks */,
				335DE60C202AF5F500A105F1 /* CoreLocation.framework in Frameworks */,
				336BAB6F2011EEEC00EC1EA8 /* SystemConfiguration.framework in Frameworks */,
				33C262FF204EB51000B2F5FE /* TencentOpenAPI in Frameworks */,
				335599EB201ECB9300ED5878 /* UIKit.framework in Frameworks */,
				335599EF201ECBB200ED5878 /* UserNotifications.framework in Frameworks */,
				3331E11D201ACC1000C96278 /* Security.framework in Frameworks */,
				33C262FE204EB51000B2F5FE /* TencentOpenAPI.framework in Frameworks */,
				335599E9201ECB8E00ED5878 /* Foundation.framework in Frameworks */,
				335599E7201ECB7F00ED5878 /* CoreGraphics.framework in Frameworks */,
				336BAB712011EF2800EC1EA8 /* CoreTelephony.framework in Frameworks */,
				33F3B22620196BA800BE8FF8 /* StoreKit.framework in Frameworks */,
			);
			runOnlyForDeploymentPostprocessing = 0;
		};
		3349B8A720119113000EC218 /* Frameworks */ = {
			isa = PBXFrameworksBuildPhase;
			buildActionMask = 2147483647;
			files = (
			);
			runOnlyForDeploymentPostprocessing = 0;
		};
		3349B8B220119113000EC218 /* Frameworks */ = {
			isa = PBXFrameworksBuildPhase;
			buildActionMask = 2147483647;
			files = (
			);
			runOnlyForDeploymentPostprocessing = 0;
		};
/* End PBXFrameworksBuildPhase section */

/* Begin PBXGroup section */
		331564932047CFE7004DFF4E /* pay */ = {
			isa = PBXGroup;
			children = (
				331564942047D001004DFF4E /* pay.h */,
				331564952047D012004DFF4E /* pay.m */,
			);
			path = pay;
			sourceTree = "<group>";
		};
		331564972047D2F7004DFF4E /* qq */ = {
			isa = PBXGroup;
			children = (
				33C262FB204EB51000B2F5FE /* QQApiInterface.h */,
				33C262FA204EB51000B2F5FE /* QQApiInterfaceObject.h */,
				33C262F9204EB51000B2F5FE /* sdkdef.h */,
				33C262FD204EB51000B2F5FE /* TencentOAuth.h */,
				33C262FC204EB51000B2F5FE /* TencentOpenAPI */,
				33C262F8204EB51000B2F5FE /* TencentOpenAPI.framework */,
			);
			path = qq;
			sourceTree = "<group>";
		};
		3325958E20298A46006E0158 /* util */ = {
			isa = PBXGroup;
			children = (
				3325958F20298A5D006E0158 /* Util.h */,
				3325959020298A6E006E0158 /* Util.m */,
			);
			path = util;
			sourceTree = "<group>";
		};
		3329E0FA204E302700114504 /* img */ = {
			isa = PBXGroup;
			children = (
				33CFA0B5205275B8000057D7 /* black.png */,
				3329E0FC204E303E00114504 /* bt_wx.png */,
				3329E103204E31AC00114504 /* logo.png */,
				3329E0FD204E303F00114504 /* bt_yk.png */,
				3329E0FB204E303D00114504 /* bt_zh.png */,
				3329E0FE204E304000114504 /* dljm_bg_02.png */,
			);
			path = img;
			sourceTree = "<group>";
		};
		333C84E9204927F80027EC45 /* zfb */ = {
			isa = PBXGroup;
			children = (
			);
			path = zfb;
			sourceTree = "<group>";
		};
		3349B88620119113000EC218 = {
			isa = PBXGroup;
			children = (
				3342FE8B204D60FF00F1D61C /* release */,
				3349B89120119113000EC218 /* qzh */,
				3349B8AD20119113000EC218 /* qzhTests */,
				3349B8B820119113000EC218 /* qzhUITests */,
				3349B89020119113000EC218 /* Products */,
				3349B8CA2011D22F000EC218 /* Frameworks */,
			);
			sourceTree = "<group>";
		};
		3349B89020119113000EC218 /* Products */ = {
			isa = PBXGroup;
			children = (
				3349B88F20119113000EC218 /* qzh.app */,
				3349B8AA20119113000EC218 /* qzhTests.xctest */,
				3349B8B520119113000EC218 /* qzhUITests.xctest */,
			);
			name = Products;
			sourceTree = "<group>";
		};
		3349B89120119113000EC218 /* qzh */ = {
			isa = PBXGroup;
			children = (
				3329E0FA204E302700114504 /* img */,
				331564972047D2F7004DFF4E /* qq */,
				331564932047CFE7004DFF4E /* pay */,
				335DE5DF202AAE9F00A105F1 /* share */,
				3325958E20298A46006E0158 /* util */,
				33D8A5AC2028303000C9E136 /* parts */,
				335599F2201ECC3300ED5878 /* qzh.entitlements */,
				335599D9201ECA9C00ED5878 /* jpushsdk */,
				3349B89220119113000EC218 /* AppDelegate.h */,
				3349B89320119113000EC218 /* AppDelegate.m */,
				3331E123201ACC9D00C96278 /* SAMKeychain.h */,
				3331E121201ACC9D00C96278 /* SAMKeychain.m */,
				3331E122201ACC9D00C96278 /* SAMKeychainQuery.h */,
				3331E120201ACC9D00C96278 /* SAMKeychainQuery.m */,
				3349B89520119113000EC218 /* ViewController.h */,
				3349B89620119113000EC218 /* ViewController.m */,
				3349B89820119113000EC218 /* Main.storyboard */,
				3349B89E20119113000EC218 /* Assets.xcassets */,
				3349B8A320119113000EC218 /* Info.plist */,
				3349B8A420119113000EC218 /* main.m */,
				3349B89B20119113000EC218 /* qzh.xcdatamodeld */,
				33556E0B2019A209005C67DB /* WKDelegateController.m */,
				33556E0E2019A2B0005C67DB /* WKDelegateController.h */,
				33D8A5A92027FF4D00C9E136 /* Device.m */,
				33D8A5AB2027FFDE00C9E136 /* Device.h */,
			);
			path = qzh;
			sourceTree = "<group>";
		};
		3349B8AD20119113000EC218 /* qzhTests */ = {
			isa = PBXGroup;
			children = (
				3349B8AE20119113000EC218 /* qzhTests.m */,
				3349B8B020119113000EC218 /* Info.plist */,
			);
			path = qzhTests;
			sourceTree = "<group>";
		};
		3349B8B820119113000EC218 /* qzhUITests */ = {
			isa = PBXGroup;
			children = (
				3349B8B920119113000EC218 /* qzhUITests.m */,
				3349B8BB20119113000EC218 /* Info.plist */,
			);
			path = qzhUITests;
			sourceTree = "<group>";
		};
		3349B8CA2011D22F000EC218 /* Frameworks */ = {
			isa = PBXGroup;
			children = (
				333C84F6204928C60027EC45 /* CoreMotion.framework */,
				333C84F4204928920027EC45 /* CoreText.framework */,
				333C84F2204928800027EC45 /* QuartzCore.framework */,
				335DE60B202AF5F400A105F1 /* CoreLocation.framework */,
				33D8A5C22028482A00C9E136 /* libstdc++.tbd */,
				33D8A5B12028316D00C9E136 /* libsqlite3.0.tbd */,
				335599F0201ECBBF00ED5878 /* libresolv.tbd */,
				335599EE201ECBB200ED5878 /* UserNotifications.framework */,
				335599EC201ECBA200ED5878 /* libz.tbd */,
				335599EA201ECB9300ED5878 /* UIKit.framework */,
				335599E8201ECB8D00ED5878 /* Foundation.framework */,
				335599E6201ECB7F00ED5878 /* CoreGraphics.framework */,
				335599E4201ECB6A00ED5878 /* CoreFoundation.framework */,
				335599E2201ECB6300ED5878 /* CFNetwork.framework */,
				3331E11C201ACC1000C96278 /* Security.framework */,
				3366956A2016D68B00ECB2B4 /* StoreKit.framework */,
				336BAB702011EF2000EC1EA8 /* CoreTelephony.framework */,
				336BAB6E2011EEE800EC1EA8 /* SystemConfiguration.framework */,
				336BAB6C2011EE6100EC1EA8 /* libc++.tbd */,
				336BAB6A2011EE4B00EC1EA8 /* libz.1.2.11.tbd */,
				336BAB682011EE2000EC1EA8 /* libsqlite3.tbd */,
				3349B9632011E72A000EC218 /* libWeChatSDK.a */,
				3349B9652011E72A000EC218 /* WechatAuthSDK.h */,
				3349B9662011E72A000EC218 /* WXApi.h */,
				3349B9642011E72A000EC218 /* WXApiObject.h */,
			);
			name = Frameworks;
			sourceTree = "<group>";
		};
		335599D9201ECA9C00ED5878 /* jpushsdk */ = {
			isa = PBXGroup;
			children = (
				335599DB201ECAFA00ED5878 /* jcore-ios-1.1.7.a */,
				335599DE201ECAFB00ED5878 /* jpush-extension-ios-1.1.0.a */,
				335599DA201ECAFA00ED5878 /* jpush-ios-3.0.8.a */,
				335599DD201ECAFB00ED5878 /* JPushNotificationExtensionService.h */,
				335599DC201ECAFB00ED5878 /* JPUSHService.h */,
			);
			path = jpushsdk;
			sourceTree = "<group>";
		};
		335DE5DF202AAE9F00A105F1 /* share */ = {
			isa = PBXGroup;
			children = (
				335DE5E0202AAECD00A105F1 /* QzhShare.m */,
				335DE5E2202AAEEF00A105F1 /* QzhShare.h */,
			);
			path = share;
			sourceTree = "<group>";
		};
		335DE5EC202ACD9000A105F1 /* wx */ = {
			isa = PBXGroup;
			children = (
				33C262F2204E97AF00B2F5FE /* libWeChatSDK.a */,
				33C262F3204E97B000B2F5FE /* WechatAuthSDK.h */,
				33C262F0204E97AF00B2F5FE /* WXApi.h */,
				33C262F1204E97AF00B2F5FE /* WXApiObject.h */,
			);
			path = wx;
			sourceTree = "<group>";
		};
		335DE605202AF4FA00A105F1 /* jg */ = {
			isa = PBXGroup;
			children = (
				335DE606202AF51C00A105F1 /* jcore-ios-1.1.7.a */,
				335DE607202AF51C00A105F1 /* jshare-ios-1.5.0.a */,
				335DE608202AF51C00A105F1 /* JSHAREService.h */,
			);
			path = jg;
			sourceTree = "<group>";
		};
		33D8A5AC2028303000C9E136 /* parts */ = {
			isa = PBXGroup;
			children = (
				333C84E9204927F80027EC45 /* zfb */,
				335DE605202AF4FA00A105F1 /* jg */,
				335DE5EC202ACD9000A105F1 /* wx */,
			);
			path = parts;
			sourceTree = "<group>";
		};
/* End PBXGroup section */

/* Begin PBXNativeTarget section */
		3349B88E20119113000EC218 /* qzh */ = {
			isa = PBXNativeTarget;
			buildConfigurationList = 3349B8BE20119113000EC218 /* Build configuration list for PBXNativeTarget "qzh" */;
			buildPhases = (
				3349B88B20119113000EC218 /* Sources */,
				3349B88C20119113000EC218 /* Frameworks */,
				3349B88D20119113000EC218 /* Resources */,
			);
			buildRules = (
			);
			dependencies = (
			);
			name = qzh;
			productName = qzh;
			productReference = 3349B88F20119113000EC218 /* qzh.app */;
			productType = "com.apple.product-type.application";
		};
		3349B8A920119113000EC218 /* qzhTests */ = {
			isa = PBXNativeTarget;
			buildConfigurationList = 3349B8C120119113000EC218 /* Build configuration list for PBXNativeTarget "qzhTests" */;
			buildPhases = (
				3349B8A620119113000EC218 /* Sources */,
				3349B8A720119113000EC218 /* Frameworks */,
				3349B8A820119113000EC218 /* Resources */,
			);
			buildRules = (
			);
			dependencies = (
				3349B8AC20119113000EC218 /* PBXTargetDependency */,
			);
			name = qzhTests;
			productName = qzhTests;
			productReference = 3349B8AA20119113000EC218 /* qzhTests.xctest */;
			productType = "com.apple.product-type.bundle.unit-test";
		};
		3349B8B420119113000EC218 /* qzhUITests */ = {
			isa = PBXNativeTarget;
			buildConfigurationList = 3349B8C420119113000EC218 /* Build configuration list for PBXNativeTarget "qzhUITests" */;
			buildPhases = (
				3349B8B120119113000EC218 /* Sources */,
				3349B8B220119113000EC218 /* Frameworks */,
				3349B8B320119113000EC218 /* Resources */,
			);
			buildRules = (
			);
			dependencies = (
				3349B8B720119113000EC218 /* PBXTargetDependency */,
			);
			name = qzhUITests;
			productName = qzhUITests;
			productReference = 3349B8B520119113000EC218 /* qzhUITests.xctest */;
			productType = "com.apple.product-type.bundle.ui-testing";
		};
/* End PBXNativeTarget section */

/* Begin PBXProject section */
		3349B88720119113000EC218 /* Project object */ = {
			isa = PBXProject;
			attributes = {
				LastUpgradeCheck = 0920;
				ORGANIZATIONNAME = hzqzh;
				TargetAttributes = {
					3349B88E20119113000EC218 = {
						CreatedOnToolsVersion = 9.1;
						ProvisioningStyle = Manual;
						SystemCapabilities = {
							com.apple.BackgroundModes = {
								enabled = 1;
							};
							com.apple.Push = {
								enabled = 1;
							};
						};
					};
					3349B8A920119113000EC218 = {
						CreatedOnToolsVersion = 9.1;
						ProvisioningStyle = Automatic;
						TestTargetID = 3349B88E20119113000EC218;
					};
					3349B8B420119113000EC218 = {
						CreatedOnToolsVersion = 9.1;
						ProvisioningStyle = Automatic;
						TestTargetID = 3349B88E20119113000EC218;
					};
				};
			};
			buildConfigurationList = 3349B88A20119113000EC218 /* Build configuration list for PBXProject "qzh" */;
			compatibilityVersion = "Xcode 8.0";
			developmentRegion = en;
			hasScannedForEncodings = 0;
			knownRegions = (
				en,
				Base,
			);
			mainGroup = 3349B88620119113000EC218;
			productRefGroup = 3349B89020119113000EC218 /* Products */;
			projectDirPath = "";
			projectRoot = "";
			targets = (
				3349B88E20119113000EC218 /* qzh */,
				3349B8A920119113000EC218 /* qzhTests */,
				3349B8B420119113000EC218 /* qzhUITests */,
			);
		};
/* End PBXProject section */

/* Begin PBXResourcesBuildPhase section */
		3349B88D20119113000EC218 /* Resources */ = {
			isa = PBXResourcesBuildPhase;
			buildActionMask = 2147483647;
			files = (
				3329E102204E304000114504 /* dljm_bg_02.png in Resources */,
				3342FE8C204D60FF00F1D61C /* release in Resources */,
				33CFA0B6205275B8000057D7 /* black.png in Resources */,
				3349B89A20119113000EC218 /* Main.storyboard in Resources */,
				3349B89F20119113000EC218 /* Assets.xcassets in Resources */,
				3329E100204E304000114504 /* bt_wx.png in Resources */,
				3329E104204E31AC00114504 /* logo.png in Resources */,
				3329E101204E304000114504 /* bt_yk.png in Resources */,
				3329E0FF204E304000114504 /* bt_zh.png in Resources */,
			);
			runOnlyForDeploymentPostprocessing = 0;
		};
		3349B8A820119113000EC218 /* Resources */ = {
			isa = PBXResourcesBuildPhase;
			buildActionMask = 2147483647;
			files = (
			);
			runOnlyForDeploymentPostprocessing = 0;
		};
		3349B8B320119113000EC218 /* Resources */ = {
			isa = PBXResourcesBuildPhase;
			buildActionMask = 2147483647;
			files = (
			);
			runOnlyForDeploymentPostprocessing = 0;
		};
/* End PBXResourcesBuildPhase section */

/* Begin PBXSourcesBuildPhase section */
		3349B88B20119113000EC218 /* Sources */ = {
			isa = PBXSourcesBuildPhase;
			buildActionMask = 2147483647;
			files = (
				3349B94B2011E317000EC218 /* AppDelegate.h in Sources */,
				3349B94C2011E317000EC218 /* ViewController.h in Sources */,
				33556E0C2019A209005C67DB /* WKDelegateController.m in Sources */,
				3349B9512011E317000EC218 /* Assets.xcassets in Sources */,
				3349B89720119113000EC218 /* ViewController.m in Sources */,
				3331E124201ACC9D00C96278 /* SAMKeychainQuery.m in Sources */,
				331564962047D012004DFF4E /* pay.m in Sources */,
				335DE5E1202AAECD00A105F1 /* QzhShare.m in Sources */,
				3349B89420119113000EC218 /* AppDelegate.m in Sources */,
				33D8A5AA2027FF4D00C9E136 /* Device.m in Sources */,
				3331E125201ACC9D00C96278 /* SAMKeychain.m in Sources */,
				3349B8A520119113000EC218 /* main.m in Sources */,
				3349B89D20119113000EC218 /* qzh.xcdatamodeld in Sources */,
				3325959120298A6E006E0158 /* Util.m in Sources */,
			);
			runOnlyForDeploymentPostprocessing = 0;
		};
		3349B8A620119113000EC218 /* Sources */ = {
			isa = PBXSourcesBuildPhase;
			buildActionMask = 2147483647;
			files = (
				3349B8AF20119113000EC218 /* qzhTests.m in Sources */,
			);
			runOnlyForDeploymentPostprocessing = 0;
		};
		3349B8B120119113000EC218 /* Sources */ = {
			isa = PBXSourcesBuildPhase;
			buildActionMask = 2147483647;
			files = (
				3349B8BA20119113000EC218 /* qzhUITests.m in Sources */,
			);
			runOnlyForDeploymentPostprocessing = 0;
		};
/* End PBXSourcesBuildPhase section */

/* Begin PBXTargetDependency section */
		3349B8AC20119113000EC218 /* PBXTargetDependency */ = {
			isa = PBXTargetDependency;
			target = 3349B88E20119113000EC218 /* qzh */;
			targetProxy = 3349B8AB20119113000EC218 /* PBXContainerItemProxy */;
		};
		3349B8B720119113000EC218 /* PBXTargetDependency */ = {
			isa = PBXTargetDependency;
			target = 3349B88E20119113000EC218 /* qzh */;
			targetProxy = 3349B8B620119113000EC218 /* PBXContainerItemProxy */;
		};
/* End PBXTargetDependency section */

/* Begin PBXVariantGroup section */
		3349B89820119113000EC218 /* Main.storyboard */ = {
			isa = PBXVariantGroup;
			children = (
				3349B89920119113000EC218 /* Base */,
			);
			name = Main.storyboard;
			sourceTree = "<group>";
		};
/* End PBXVariantGroup section */

/* Begin XCBuildConfiguration section */
		3349B8BC20119113000EC218 /* Debug */ = {
			isa = XCBuildConfiguration;
			buildSettings = {
				ALWAYS_SEARCH_USER_PATHS = NO;
				CLANG_ANALYZER_NONNULL = YES;
				CLANG_ANALYZER_NUMBER_OBJECT_CONVERSION = YES_AGGRESSIVE;
				CLANG_CXX_LANGUAGE_STANDARD = "gnu++14";
				CLANG_CXX_LIBRARY = "libc++";
				CLANG_ENABLE_MODULES = YES;
				CLANG_ENABLE_OBJC_ARC = YES;
				CLANG_WARN_BLOCK_CAPTURE_AUTORELEASING = YES;
				CLANG_WARN_BOOL_CONVERSION = YES;
				CLANG_WARN_COMMA = YES;
				CLANG_WARN_CONSTANT_CONVERSION = YES;
				CLANG_WARN_DIRECT_OBJC_ISA_USAGE = YES_ERROR;
				CLANG_WARN_DOCUMENTATION_COMMENTS = YES;
				CLANG_WARN_EMPTY_BODY = YES;
				CLANG_WARN_ENUM_CONVERSION = YES;
				CLANG_WARN_INFINITE_RECURSION = YES;
				CLANG_WARN_INT_CONVERSION = YES;
				CLANG_WARN_NON_LITERAL_NULL_CONVERSION = YES;
				CLANG_WARN_OBJC_LITERAL_CONVERSION = YES;
				CLANG_WARN_OBJC_ROOT_CLASS = YES_ERROR;
				CLANG_WARN_RANGE_LOOP_ANALYSIS = YES;
				CLANG_WARN_STRICT_PROTOTYPES = YES;
				CLANG_WARN_SUSPICIOUS_MOVE = YES;
				CLANG_WARN_UNGUARDED_AVAILABILITY = YES_AGGRESSIVE;
				CLANG_WARN_UNREACHABLE_CODE = YES;
				CLANG_WARN__DUPLICATE_METHOD_MATCH = YES;
				CODE_SIGN_IDENTITY = "iPhone Developer: Han Ding (595394CJ3U)";
				COPY_PHASE_STRIP = NO;
				DEBUG_INFORMATION_FORMAT = dwarf;
				DEVELOPMENT_TEAM = B48W35AJXA;
				ENABLE_STRICT_OBJC_MSGSEND = YES;
				ENABLE_TESTABILITY = YES;
				GCC_C_LANGUAGE_STANDARD = gnu11;
				GCC_DYNAMIC_NO_PIC = NO;
				GCC_NO_COMMON_BLOCKS = YES;
				GCC_OPTIMIZATION_LEVEL = 0;
				GCC_PREPROCESSOR_DEFINITIONS = (
					"DEBUG=1",
					"$(inherited)",
				);
				GCC_WARN_64_TO_32_BIT_CONVERSION = YES;
				GCC_WARN_ABOUT_RETURN_TYPE = YES_ERROR;
				GCC_WARN_UNDECLARED_SELECTOR = YES;
				GCC_WARN_UNINITIALIZED_AUTOS = YES_AGGRESSIVE;
				GCC_WARN_UNUSED_FUNCTION = YES;
				GCC_WARN_UNUSED_VARIABLE = YES;
				IPHONEOS_DEPLOYMENT_TARGET = 11.1;
				MTL_ENABLE_DEBUG_INFO = YES;
				ONLY_ACTIVE_ARCH = YES;
				SDKROOT = iphoneos;
			};
			name = Debug;
		};
		3349B8BD20119113000EC218 /* Release */ = {
			isa = XCBuildConfiguration;
			buildSettings = {
				ALWAYS_SEARCH_USER_PATHS = NO;
				CLANG_ANALYZER_NONNULL = YES;
				CLANG_ANALYZER_NUMBER_OBJECT_CONVERSION = YES_AGGRESSIVE;
				CLANG_CXX_LANGUAGE_STANDARD = "gnu++14";
				CLANG_CXX_LIBRARY = "libc++";
				CLANG_ENABLE_MODULES = YES;
				CLANG_ENABLE_OBJC_ARC = YES;
				CLANG_WARN_BLOCK_CAPTURE_AUTORELEASING = YES;
				CLANG_WARN_BOOL_CONVERSION = YES;
				CLANG_WARN_COMMA = YES;
				CLANG_WARN_CONSTANT_CONVERSION = YES;
				CLANG_WARN_DIRECT_OBJC_ISA_USAGE = YES_ERROR;
				CLANG_WARN_DOCUMENTATION_COMMENTS = YES;
				CLANG_WARN_EMPTY_BODY = YES;
				CLANG_WARN_ENUM_CONVERSION = YES;
				CLANG_WARN_INFINITE_RECURSION = YES;
				CLANG_WARN_INT_CONVERSION = YES;
				CLANG_WARN_NON_LITERAL_NULL_CONVERSION = YES;
				CLANG_WARN_OBJC_LITERAL_CONVERSION = YES;
				CLANG_WARN_OBJC_ROOT_CLASS = YES_ERROR;
				CLANG_WARN_RANGE_LOOP_ANALYSIS = YES;
				CLANG_WARN_STRICT_PROTOTYPES = YES;
				CLANG_WARN_SUSPICIOUS_MOVE = YES;
				CLANG_WARN_UNGUARDED_AVAILABILITY = YES_AGGRESSIVE;
				CLANG_WARN_UNREACHABLE_CODE = YES;
				CLANG_WARN__DUPLICATE_METHOD_MATCH = YES;
				CODE_SIGN_IDENTITY = "iPhone Developer: Han Ding (595394CJ3U)";
				COPY_PHASE_STRIP = NO;
				DEBUG_INFORMATION_FORMAT = "dwarf-with-dsym";
				DEVELOPMENT_TEAM = B48W35AJXA;
				ENABLE_NS_ASSERTIONS = NO;
				ENABLE_STRICT_OBJC_MSGSEND = YES;
				GCC_C_LANGUAGE_STANDARD = gnu11;
				GCC_NO_COMMON_BLOCKS = YES;
				GCC_WARN_64_TO_32_BIT_CONVERSION = YES;
				GCC_WARN_ABOUT_RETURN_TYPE = YES_ERROR;
				GCC_WARN_UNDECLARED_SELECTOR = YES;
				GCC_WARN_UNINITIALIZED_AUTOS = YES_AGGRESSIVE;
				GCC_WARN_UNUSED_FUNCTION = YES;
				GCC_WARN_UNUSED_VARIABLE = YES;
				IPHONEOS_DEPLOYMENT_TARGET = 11.1;
				MTL_ENABLE_DEBUG_INFO = NO;
				SDKROOT = iphoneos;
				VALIDATE_PRODUCT = YES;
			};
			name = Release;
		};
		3349B8BF20119113000EC218 /* Debug */ = {
			isa = XCBuildConfiguration;
			buildSettings = {
				ALWAYS_SEARCH_USER_PATHS = NO;
				ASSETCATALOG_COMPILER_APPICON_NAME = AppIcon;
				ASSETCATALOG_COMPILER_LAUNCHIMAGE_NAME = LaunchImage;
				CODE_SIGN_ENTITLEMENTS = qzh/qzh.entitlements;
				CODE_SIGN_IDENTITY = "iPhone Developer";
				"CODE_SIGN_IDENTITY[sdk=iphoneos*]" = "iPhone Developer: Wang Ming (3WDUE84336)";
				CODE_SIGN_STYLE = Manual;
				DEVELOPMENT_TEAM = FQ3778R9KS;
				ENABLE_BITCODE = NO;
				FRAMEWORK_SEARCH_PATHS = (
					"$(inherited)",
					"$(PROJECT_DIR)/qzh",
					"$(PROJECT_DIR)/qzh/qq",
					"$(PROJECT_DIR)/qzh/parts/zfb",
				);
				INFOPLIST_FILE = qzh/Info.plist;
				IPHONEOS_DEPLOYMENT_TARGET = 8.0;
				LD_RUNPATH_SEARCH_PATHS = "$(inherited) @executable_path/Frameworks";
				LIBRARY_SEARCH_PATHS = (
					"$(inherited)",
					"$(PROJECT_DIR)/qzh/jpushsdk",
					"$(PROJECT_DIR)/qzh/parts",
					"$(PROJECT_DIR)/qzh/qq",
					"$(PROJECT_DIR)/qzh/parts/qq",
					"$(PROJECT_DIR)/qzh/parts/jg",
					"$(PROJECT_DIR)/qzh/qq/TencentOpenAPI.framework",
				);
				"LIBRARY_SEARCH_PATHS[arch=*]" = "/Users/xianming/Desktop/ipa/lib/WechatSDK1.8.2\n";
				PRODUCT_BUNDLE_IDENTIFIER = com.fungame.selffkdn.qzh1;
				PRODUCT_NAME = "$(TARGET_NAME)";
				PROVISIONING_PROFILE = "7738dcde-dcf4-435f-9212-9a8e3ff0583e";
				PROVISIONING_PROFILE_SPECIFIER = qzhGameAppDev;
				TARGETED_DEVICE_FAMILY = "1,2";
			};
			name = Debug;
		};
		3349B8C020119113000EC218 /* Release */ = {
			isa = XCBuildConfiguration;
			buildSettings = {
				ALWAYS_SEARCH_USER_PATHS = NO;
				ASSETCATALOG_COMPILER_APPICON_NAME = AppIcon;
				ASSETCATALOG_COMPILER_LAUNCHIMAGE_NAME = LaunchImage;
				CODE_SIGN_ENTITLEMENTS = qzh/qzh.entitlements;
				CODE_SIGN_IDENTITY = "iPhone Distribution";
				"CODE_SIGN_IDENTITY[sdk=iphoneos*]" = "iPhone Distribution: Wang Ming (FQ3778R9KS)";
				CODE_SIGN_STYLE = Manual;
				DEVELOPMENT_TEAM = FQ3778R9KS;
				ENABLE_BITCODE = NO;
				FRAMEWORK_SEARCH_PATHS = (
					"$(inherited)",
					"$(PROJECT_DIR)/qzh",
					"$(PROJECT_DIR)/qzh/qq",
					"$(PROJECT_DIR)/qzh/parts/zfb",
				);
				INFOPLIST_FILE = qzh/Info.plist;
				IPHONEOS_DEPLOYMENT_TARGET = 8.0;
				LD_RUNPATH_SEARCH_PATHS = "$(inherited) @executable_path/Frameworks";
				LIBRARY_SEARCH_PATHS = (
					"$(inherited)",
					"$(PROJECT_DIR)/qzh/jpushsdk",
					"$(PROJECT_DIR)/qzh/parts",
					"$(PROJECT_DIR)/qzh/qq",
					"$(PROJECT_DIR)/qzh/parts/qq",
					"$(PROJECT_DIR)/qzh/parts/jg",
					"$(PROJECT_DIR)/qzh/qq/TencentOpenAPI.framework",
				);
				"LIBRARY_SEARCH_PATHS[arch=*]" = "/Users/xianming/Desktop/ipa/lib/WechatSDK1.8.2\n";
				PRODUCT_BUNDLE_IDENTIFIER = com.fungame.selffkdn.qzh1;
				PRODUCT_NAME = "$(TARGET_NAME)";
				PROVISIONING_PROFILE = "6007bd0b-743e-486a-9b88-d63ac1fe212e";
				PROVISIONING_PROFILE_SPECIFIER = qzhGameAppProd;
				TARGETED_DEVICE_FAMILY = "1,2";
			};
			name = Release;
		};
		3349B8C220119113000EC218 /* Debug */ = {
			isa = XCBuildConfiguration;
			buildSettings = {
				BUNDLE_LOADER = "$(TEST_HOST)";
				CODE_SIGN_STYLE = Automatic;
				DEVELOPMENT_TEAM = B48W35AJXA;
				INFOPLIST_FILE = qzhTests/Info.plist;
				LD_RUNPATH_SEARCH_PATHS = "$(inherited) @executable_path/Frameworks @loader_path/Frameworks";
				PRODUCT_BUNDLE_IDENTIFIER = com.qzhTests;
				PRODUCT_NAME = "$(TARGET_NAME)";
				TARGETED_DEVICE_FAMILY = "1,2";
				TEST_HOST = "$(BUILT_PRODUCTS_DIR)/qzh.app/qzh";
			};
			name = Debug;
		};
		3349B8C320119113000EC218 /* Release */ = {
			isa = XCBuildConfiguration;
			buildSettings = {
				BUNDLE_LOADER = "$(TEST_HOST)";
				CODE_SIGN_STYLE = Automatic;
				DEVELOPMENT_TEAM = B48W35AJXA;
				INFOPLIST_FILE = qzhTests/Info.plist;
				LD_RUNPATH_SEARCH_PATHS = "$(inherited) @executable_path/Frameworks @loader_path/Frameworks";
				PRODUCT_BUNDLE_IDENTIFIER = com.qzhTests;
				PRODUCT_NAME = "$(TARGET_NAME)";
				TARGETED_DEVICE_FAMILY = "1,2";
				TEST_HOST = "$(BUILT_PRODUCTS_DIR)/qzh.app/qzh";
			};
			name = Release;
		};
		3349B8C520119113000EC218 /* Debug */ = {
			isa = XCBuildConfiguration;
			buildSettings = {
				CODE_SIGN_STYLE = Automatic;
				DEVELOPMENT_TEAM = B48W35AJXA;
				INFOPLIST_FILE = qzhUITests/Info.plist;
				LD_RUNPATH_SEARCH_PATHS = "$(inherited) @executable_path/Frameworks @loader_path/Frameworks";
				PRODUCT_BUNDLE_IDENTIFIER = com.qzhUITests;
				PRODUCT_NAME = "$(TARGET_NAME)";
				TARGETED_DEVICE_FAMILY = "1,2";
				TEST_TARGET_NAME = qzh;
			};
			name = Debug;
		};
		3349B8C620119113000EC218 /* Release */ = {
			isa = XCBuildConfiguration;
			buildSettings = {
				CODE_SIGN_STYLE = Automatic;
				DEVELOPMENT_TEAM = B48W35AJXA;
				INFOPLIST_FILE = qzhUITests/Info.plist;
				LD_RUNPATH_SEARCH_PATHS = "$(inherited) @executable_path/Frameworks @loader_path/Frameworks";
				PRODUCT_BUNDLE_IDENTIFIER = com.qzhUITests;
				PRODUCT_NAME = "$(TARGET_NAME)";
				TARGETED_DEVICE_FAMILY = "1,2";
				TEST_TARGET_NAME = qzh;
			};
			name = Release;
		};
/* End XCBuildConfiguration section */

/* Begin XCConfigurationList section */
		3349B88A20119113000EC218 /* Build configuration list for PBXProject "qzh" */ = {
			isa = XCConfigurationList;
			buildConfigurations = (
				3349B8BC20119113000EC218 /* Debug */,
				3349B8BD20119113000EC218 /* Release */,
			);
			defaultConfigurationIsVisible = 0;
			defaultConfigurationName = Release;
		};
		3349B8BE20119113000EC218 /* Build configuration list for PBXNativeTarget "qzh" */ = {
			isa = XCConfigurationList;
			buildConfigurations = (
				3349B8BF20119113000EC218 /* Debug */,
				3349B8C020119113000EC218 /* Release */,
			);
			defaultConfigurationIsVisible = 0;
			defaultConfigurationName = Release;
		};
		3349B8C120119113000EC218 /* Build configuration list for PBXNativeTarget "qzhTests" */ = {
			isa = XCConfigurationList;
			buildConfigurations = (
				3349B8C220119113000EC218 /* Debug */,
				3349B8C320119113000EC218 /* Release */,
			);
			defaultConfigurationIsVisible = 0;
			defaultConfigurationName = Release;
		};
		3349B8C420119113000EC218 /* Build configuration list for PBXNativeTarget "qzhUITests" */ = {
			isa = XCConfigurationList;
			buildConfigurations = (
				3349B8C520119113000EC218 /* Debug */,
				3349B8C620119113000EC218 /* Release */,
			);
			defaultConfigurationIsVisible = 0;
			defaultConfigurationName = Release;
		};
/* End XCConfigurationList section */

/* Begin XCVersionGroup section */
		3349B89B20119113000EC218 /* qzh.xcdatamodeld */ = {
			isa = XCVersionGroup;
			children = (
				3349B89C20119113000EC218 /* qzh.xcdatamodel */,
			);
			currentVersion = 3349B89C20119113000EC218 /* qzh.xcdatamodel */;
			path = qzh.xcdatamodeld;
			sourceTree = "<group>";
			versionGroupType = wrapper.xcdatamodel;
		};
/* End XCVersionGroup section */
	};
	rootObject = 3349B88720119113000EC218 /* Project object */;
}
